
Microsoft Visual Studio Solution File, Format Version 12.00
# Visual Studio Version 17
VisualStudioVersion = 17.1.32228.430
MinimumVisualStudioVersion = 10.0.40219.1
Project("{9A19103F-16F7-4668-BE54-9A1E7A4F7556}") = "Entities", "Entities\Entities.csproj", "{A0FEC48D-B7F3-4CF8-8205-6882D705F24A}"
EndProject
Project("{9A19103F-16F7-4668-BE54-9A1E7A4F7556}") = "DataAccess", "DataAccess\DataAccess.csproj", "{5C2D0FD8-4BC8-4DCC-ADB6-6F51314835D2}"
EndProject
Project("{9A19103F-16F7-4668-BE54-9A1E7A4F7556}") = "Business", "Businnes\Business.csproj", "{317B9347-6BA5-46D0-9784-CCC9E9C661EB}"
EndProject
Project("{9A19103F-16F7-4668-BE54-9A1E7A4F7556}") = "ConsoleUI", "ConsoleUI\ConsoleUI.csproj", "{BB849DC0-3335-4063-95FD-6A7BF6B3279A}"
EndProject
Project("{FAE04EC0-301F-11D3-BF4B-00C04F79EFBC}") = "Core", "Core\Core.csproj", "{CDD06DF1-4133-4A05-8897-0F901D389ED7}"
EndProject
Global
	GlobalSection(SolutionConfigurationPlatforms) = preSolution
		Debug|Any CPU = Debug|Any CPU
		Release|Any CPU = Release|Any CPU
	EndGlobalSection
	GlobalSection(ProjectConfigurationPlatforms) = postSolution
		{A0FEC48D-B7F3-4CF8-8205-6882D705F24A}.Debug|Any CPU.ActiveCfg = Debug|Any CPU
		{A0FEC48D-B7F3-4CF8-8205-6882D705F24A}.Debug|Any CPU.Build.0 = Debug|Any CPU
		{A0FEC48D-B7F3-4CF8-8205-6882D705F24A}.Release|Any CPU.ActiveCfg = Release|Any CPU
		{A0FEC48D-B7F3-4CF8-8205-6882D705F24A}.Release|Any CPU.Build.0 = Release|Any CPU
		{5C2D0FD8-4BC8-4DCC-ADB6-6F51314835D2}.Debug|Any CPU.ActiveCfg = Debug|Any CPU
		{5C2D0FD8-4BC8-4DCC-ADB6-6F51314835D2}.Debug|Any CPU.Build.0 = Debug|Any CPU
		{5C2D0FD8-4BC8-4DCC-ADB6-6F51314835D2}.Release|Any CPU.ActiveCfg = Release|Any CPU
		{5C2D0FD8-4BC8-4DCC-ADB6-6F51314835D2}.Release|Any CPU.Build.0 = Release|Any CPU
		{317B9347-6BA5-46D0-9784-CCC9E9C661EB}.Debug|Any CPU.ActiveCfg = Debug|Any CPU
		{317B9347-6BA5-46D0-9784-CCC9E9C661EB}.Debug|Any CPU.Build.0 = Debug|Any CPU
		{317B9347-6BA5-46D0-9784-CCC9E9C661EB}.Release|Any CPU.ActiveCfg = Release|Any CPU
		{317B9347-6BA5-46D0-9784-CCC9E9C661EB}.Release|Any CPU.Build.0 = Release|Any CPU
		{BB849DC0-3335-4063-95FD-6A7BF6B3279A}.Debug|Any CPU.ActiveCfg = Debug|Any CPU
		{BB849DC0-3335-4063-95FD-6A7BF6B3279A}.Debug|Any CPU.Build.0 = Debug|Any CPU
		{BB849DC0-3335-4063-95FD-6A7BF6B3279A}.Release|Any CPU.ActiveCfg = Release|Any CPU
		{BB849DC0-3335-4063-95FD-6A7BF6B3279A}.Release|Any CPU.Build.0 = Release|Any CPU
		{CDD06DF1-4133-4A05-8897-0F901D389ED7}.Debug|Any CPU.ActiveCfg = Debug|Any CPU
		{CDD06DF1-4133-4A05-8897-0F901D389ED7}.Debug|Any CPU.Build.0 = Debug|Any CPU
		{CDD06DF1-4133-4A05-8897-0F901D389ED7}.Release|Any CPU.ActiveCfg = Release|Any CPU
		{CDD06DF1-4133-4A05-8897-0F901D389ED7}.Release|Any CPU.Build.0 = Release|Any CPU
	EndGlobalSection
	GlobalSection(SolutionProperties) = preSolution
		HideSolutionNode = FALSE
	EndGlobalSection
	GlobalSection(ExtensibilityGlobals) = postSolution
		SolutionGuid = {E2EAD5F4-5A78-4137-AC3F-E1F81C7D1ACF}
	EndGlobalSection
EndGlobal
